
Microsoft Visual Studio Solution File, Format Version 12.00
# Visual Studio Version 16
VisualStudioVersion = 16.0.31702.278
MinimumVisualStudioVersion = 10.0.40219.1
Project("{FAE04EC0-301F-11D3-BF4B-00C04F79EFBC}") = "Values", "Values\Values.csproj", "{45148318-CCA3-44EA-B19C-D5B372973852}"
EndProject
Global
	GlobalSection(SolutionConfigurationPlatforms) = preSolution
		Debug|Any CPU = Debug|Any CPU
		Release|Any CPU = Release|Any CPU
	EndGlobalSection
	GlobalSection(ProjectConfigurationPlatforms) = postSolution
		{45148318-CCA3-44EA-B19C-D5B372973852}.Debug|Any CPU.ActiveCfg = Debug|Any CPU
		{45148318-CCA3-44EA-B19C-D5B372973852}.Debug|Any CPU.Build.0 = Debug|Any CPU
		{45148318-CCA3-44EA-B19C-D5B372973852}.Release|Any CPU.ActiveCfg = Release|Any CPU
		{45148318-CCA3-44EA-B19C-D5B372973852}.Release|Any CPU.Build.0 = Release|Any CPU
	EndGlobalSection
	GlobalSection(SolutionProperties) = preSolution
		HideSolutionNode = FALSE
	EndGlobalSection
	GlobalSection(ExtensibilityGlobals) = postSolution
		SolutionGuid = {1DC6E569-E73D-4A6F-8EFC-FAB8E36B6B75}
	EndGlobalSection
EndGlobal
